
Microsoft Visual Studio Solution File, Format Version 12.00
# Visual Studio Version 16
VisualStudioVersion = 16.0.31205.134
MinimumVisualStudioVersion = 10.0.40219.1
Project("{FAE04EC0-301F-11D3-BF4B-00C04F79EFBC}") = "期中專題", "期中專題\期中專題.csproj", "{55E3FCE5-AB30-4336-AD31-232BADABF564}"
EndProject
Global
	GlobalSection(SolutionConfigurationPlatforms) = preSolution
		Debug|Any CPU = Debug|Any CPU
		Release|Any CPU = Release|Any CPU
	EndGlobalSection
	GlobalSection(ProjectConfigurationPlatforms) = postSolution
		{55E3FCE5-AB30-4336-AD31-232BADABF564}.Debug|Any CPU.ActiveCfg = Debug|Any CPU
		{55E3FCE5-AB30-4336-AD31-232BADABF564}.Debug|Any CPU.Build.0 = Debug|Any CPU
		{55E3FCE5-AB30-4336-AD31-232BADABF564}.Release|Any CPU.ActiveCfg = Release|Any CPU
		{55E3FCE5-AB30-4336-AD31-232BADABF564}.Release|Any CPU.Build.0 = Release|Any CPU
	EndGlobalSection
	GlobalSection(SolutionProperties) = preSolution
		HideSolutionNode = FALSE
	EndGlobalSection
	GlobalSection(ExtensibilityGlobals) = postSolution
		SolutionGuid = {FDDB3D43-D1DA-446B-895A-3FBAB8776F33}
	EndGlobalSection
EndGlobal
